
Microsoft Visual Studio Solution File, Format Version 12.00
# Visual Studio Version 17
VisualStudioVersion = 17.9.34728.123
MinimumVisualStudioVersion = 10.0.40219.1
Project("{9A19103F-16F7-4668-BE54-9A1E7A4F7556}") = "Second-Soul", "Second-Soul\Second-Soul.csproj", "{1BC35A1C-D8FC-4889-B4CE-2A6AFB0E5954}"
EndProject
Project("{9A19103F-16F7-4668-BE54-9A1E7A4F7556}") = "Repo", "Repo\Repo.csproj", "{21245B24-04AE-4293-B7CD-B30BC7F22DC0}"
EndProject
Project("{9A19103F-16F7-4668-BE54-9A1E7A4F7556}") = "Service", "Service\Service.csproj", "{74540FDA-1DDF-4838-9941-5E6AF516BEA3}"
EndProject
Project("{9A19103F-16F7-4668-BE54-9A1E7A4F7556}") = "BusssinessObject", "BusssinessObject\BusssinessObject.csproj", "{53ED567C-B77D-4A79-874E-CDD5B29B7300}"
EndProject
Project("{9A19103F-16F7-4668-BE54-9A1E7A4F7556}") = "DAO", "DAO\DAO.csproj", "{B715BF5F-FEBF-4D49-8D50-4FA4C0B41A02}"
EndProject
Global
	GlobalSection(SolutionConfigurationPlatforms) = preSolution
		Debug|Any CPU = Debug|Any CPU
		Release|Any CPU = Release|Any CPU
	EndGlobalSection
	GlobalSection(ProjectConfigurationPlatforms) = postSolution
		{1BC35A1C-D8FC-4889-B4CE-2A6AFB0E5954}.Debug|Any CPU.ActiveCfg = Debug|Any CPU
		{1BC35A1C-D8FC-4889-B4CE-2A6AFB0E5954}.Debug|Any CPU.Build.0 = Debug|Any CPU
		{1BC35A1C-D8FC-4889-B4CE-2A6AFB0E5954}.Release|Any CPU.ActiveCfg = Release|Any CPU
		{1BC35A1C-D8FC-4889-B4CE-2A6AFB0E5954}.Release|Any CPU.Build.0 = Release|Any CPU
		{21245B24-04AE-4293-B7CD-B30BC7F22DC0}.Debug|Any CPU.ActiveCfg = Debug|Any CPU
		{21245B24-04AE-4293-B7CD-B30BC7F22DC0}.Debug|Any CPU.Build.0 = Debug|Any CPU
		{21245B24-04AE-4293-B7CD-B30BC7F22DC0}.Release|Any CPU.ActiveCfg = Release|Any CPU
		{21245B24-04AE-4293-B7CD-B30BC7F22DC0}.Release|Any CPU.Build.0 = Release|Any CPU
		{74540FDA-1DDF-4838-9941-5E6AF516BEA3}.Debug|Any CPU.ActiveCfg = Debug|Any CPU
		{74540FDA-1DDF-4838-9941-5E6AF516BEA3}.Debug|Any CPU.Build.0 = Debug|Any CPU
		{74540FDA-1DDF-4838-9941-5E6AF516BEA3}.Release|Any CPU.ActiveCfg = Release|Any CPU
		{74540FDA-1DDF-4838-9941-5E6AF516BEA3}.Release|Any CPU.Build.0 = Release|Any CPU
		{53ED567C-B77D-4A79-874E-CDD5B29B7300}.Debug|Any CPU.ActiveCfg = Debug|Any CPU
		{53ED567C-B77D-4A79-874E-CDD5B29B7300}.Debug|Any CPU.Build.0 = Debug|Any CPU
		{53ED567C-B77D-4A79-874E-CDD5B29B7300}.Release|Any CPU.ActiveCfg = Release|Any CPU
		{53ED567C-B77D-4A79-874E-CDD5B29B7300}.Release|Any CPU.Build.0 = Release|Any CPU
		{B715BF5F-FEBF-4D49-8D50-4FA4C0B41A02}.Debug|Any CPU.ActiveCfg = Debug|Any CPU
		{B715BF5F-FEBF-4D49-8D50-4FA4C0B41A02}.Debug|Any CPU.Build.0 = Debug|Any CPU
		{B715BF5F-FEBF-4D49-8D50-4FA4C0B41A02}.Release|Any CPU.ActiveCfg = Release|Any CPU
		{B715BF5F-FEBF-4D49-8D50-4FA4C0B41A02}.Release|Any CPU.Build.0 = Release|Any CPU
	EndGlobalSection
	GlobalSection(SolutionProperties) = preSolution
		HideSolutionNode = FALSE
	EndGlobalSection
	GlobalSection(ExtensibilityGlobals) = postSolution
		SolutionGuid = {6BB28AC6-B185-488B-BB1C-C8240365838B}
	EndGlobalSection
EndGlobal
